
Microsoft Visual Studio Solution File, Format Version 10.00
# Visual Studio 2008
Project("{FAE04EC0-301F-11D3-BF4B-00C04F79EFBC}") = "SilverlightPrototype1", "SilverlightPrototype1\SilverlightPrototype1.csproj", "{09E2959D-740F-4407-9108-54D1CEDC48D9}"
EndProject
Project("{FAE04EC0-301F-11D3-BF4B-00C04F79EFBC}") = "SilverlightPrototype1Screens", "SilverlightPrototype1\SilverlightPrototype1Screens\SilverlightPrototype1Screens.csproj", "{A71C2D11-9E38-4505-992F-BB2D949584EE}"
EndProject
Global
	GlobalSection(SolutionConfigurationPlatforms) = preSolution
		Debug|Any CPU = Debug|Any CPU
		Release|Any CPU = Release|Any CPU
	EndGlobalSection
	GlobalSection(ProjectConfigurationPlatforms) = postSolution
		{09E2959D-740F-4407-9108-54D1CEDC48D9}.Debug|Any CPU.ActiveCfg = Debug|Any CPU
		{09E2959D-740F-4407-9108-54D1CEDC48D9}.Debug|Any CPU.Build.0 = Debug|Any CPU
		{09E2959D-740F-4407-9108-54D1CEDC48D9}.Release|Any CPU.ActiveCfg = Release|Any CPU
		{09E2959D-740F-4407-9108-54D1CEDC48D9}.Release|Any CPU.Build.0 = Release|Any CPU
		{A71C2D11-9E38-4505-992F-BB2D949584EE}.Debug|Any CPU.ActiveCfg = Debug|Any CPU
		{A71C2D11-9E38-4505-992F-BB2D949584EE}.Debug|Any CPU.Build.0 = Debug|Any CPU
		{A71C2D11-9E38-4505-992F-BB2D949584EE}.Release|Any CPU.ActiveCfg = Release|Any CPU
		{A71C2D11-9E38-4505-992F-BB2D949584EE}.Release|Any CPU.Build.0 = Release|Any CPU
	EndGlobalSection
EndGlobal
